{
  "name": "atp-react-admin-cms",
  "version": "0.1.0",
  "lockfileVersion": 1,
  "requires": true,
  "dependencies": {
    "atp-pointfree": {
      "version": "0.11.0",
      "resolved": "https://registry.npmjs.org/atp-pointfree/-/atp-pointfree-0.11.0.tgz",
      "integrity": "sha512-ffD508BJnO3M1XJ5TpyMp4OR8wq0P31p0A9jg2aN3PwnvqaLTmq3RO3G9UUPpw7aHIESZRcCEoFYA2cjAYE8mw==",
      "requires": {
        "type-of": "^2.0.1"
      }
    },
    "atp-sugar": {
      "version": "0.8.4",
      "resolved": "https://registry.npmjs.org/atp-sugar/-/atp-sugar-0.8.4.tgz",
      "integrity": "sha1-YKGFbUjGQ0TJiWzsYd121PyVu/0=",
      "requires": {
        "typeof": "^1.0.0"
      }
    },
    "type-of": {
      "version": "2.0.1",
      "resolved": "https://registry.npmjs.org/type-of/-/type-of-2.0.1.tgz",
      "integrity": "sha1-5yoXQYllaOn2KDeNgW1pEvfyOXI="
    },
    "typeof": {
      "version": "1.0.0",
      "resolved": "https://registry.npmjs.org/typeof/-/typeof-1.0.0.tgz",
      "integrity": "sha1-nIRAPyMjrlOZFnJ1SXY46h0vJEA="
    }
  }
}
